
Microsoft Visual Studio Solution File, Format Version 12.00
# Visual Studio Version 16
VisualStudioVersion = 16.0.30413.136
MinimumVisualStudioVersion = 10.0.40219.1
Project("{9A19103F-16F7-4668-BE54-9A1E7A4F7556}") = "appimg", "appimg.csproj", "{513C943B-5685-4E70-AF79-8C6DBC2353FF}"
EndProject
Global
	GlobalSection(SolutionConfigurationPlatforms) = preSolution
		Debug|Any CPU = Debug|Any CPU
		Release|Any CPU = Release|Any CPU
	EndGlobalSection
	GlobalSection(ProjectConfigurationPlatforms) = postSolution
		{513C943B-5685-4E70-AF79-8C6DBC2353FF}.Debug|Any CPU.ActiveCfg = Debug|Any CPU
		{513C943B-5685-4E70-AF79-8C6DBC2353FF}.Debug|Any CPU.Build.0 = Debug|Any CPU
		{513C943B-5685-4E70-AF79-8C6DBC2353FF}.Release|Any CPU.ActiveCfg = Release|Any CPU
		{513C943B-5685-4E70-AF79-8C6DBC2353FF}.Release|Any CPU.Build.0 = Release|Any CPU
	EndGlobalSection
	GlobalSection(SolutionProperties) = preSolution
		HideSolutionNode = FALSE
	EndGlobalSection
	GlobalSection(ExtensibilityGlobals) = postSolution
		SolutionGuid = {46CE51A4-B3F5-4C7A-B104-FD3B6CE0679F}
	EndGlobalSection
EndGlobal
